
Microsoft Visual Studio Solution File, Format Version 12.00
# Visual Studio Version 17
VisualStudioVersion = 17.4.33403.182
MinimumVisualStudioVersion = 10.0.40219.1
Project("{FAE04EC0-301F-11D3-BF4B-00C04F79EFBC}") = "FigureArea", "FigureArea\FigureArea.csproj", "{D0C2D391-1F8A-41AE-8F53-566DA8B4877C}"
EndProject
Project("{FAE04EC0-301F-11D3-BF4B-00C04F79EFBC}") = "FigureArea.Tests", "FigureArea.Tests\FigureArea.Tests.csproj", "{16374095-47BA-441A-88C2-FAB65E4392A1}"
EndProject
Global
	GlobalSection(SolutionConfigurationPlatforms) = preSolution
		Debug|Any CPU = Debug|Any CPU
		Release|Any CPU = Release|Any CPU
	EndGlobalSection
	GlobalSection(ProjectConfigurationPlatforms) = postSolution
		{D0C2D391-1F8A-41AE-8F53-566DA8B4877C}.Debug|Any CPU.ActiveCfg = Debug|Any CPU
		{D0C2D391-1F8A-41AE-8F53-566DA8B4877C}.Debug|Any CPU.Build.0 = Debug|Any CPU
		{D0C2D391-1F8A-41AE-8F53-566DA8B4877C}.Release|Any CPU.ActiveCfg = Release|Any CPU
		{D0C2D391-1F8A-41AE-8F53-566DA8B4877C}.Release|Any CPU.Build.0 = Release|Any CPU
		{16374095-47BA-441A-88C2-FAB65E4392A1}.Debug|Any CPU.ActiveCfg = Debug|Any CPU
		{16374095-47BA-441A-88C2-FAB65E4392A1}.Debug|Any CPU.Build.0 = Debug|Any CPU
		{16374095-47BA-441A-88C2-FAB65E4392A1}.Release|Any CPU.ActiveCfg = Release|Any CPU
		{16374095-47BA-441A-88C2-FAB65E4392A1}.Release|Any CPU.Build.0 = Release|Any CPU
	EndGlobalSection
	GlobalSection(SolutionProperties) = preSolution
		HideSolutionNode = FALSE
	EndGlobalSection
	GlobalSection(ExtensibilityGlobals) = postSolution
		SolutionGuid = {C9CE7CC2-4132-498A-AF06-20F30E0A650D}
	EndGlobalSection
EndGlobal
